
Microsoft Visual Studio Solution File, Format Version 12.00
# Visual Studio Version 16
VisualStudioVersion = 16.0.29806.167
MinimumVisualStudioVersion = 10.0.40219.1
Project("{9A19103F-16F7-4668-BE54-9A1E7A4F7556}") = "DotNetCore3_1Demo", "DotNetCore3_1Demo\DotNetCore3_1Demo.csproj", "{D37979DF-078B-414B-A7E8-DD9E89538554}"
	ProjectSection(ProjectDependencies) = postProject
		{8D152A97-38EC-4FF0-BA7A-0F7D1415F652} = {8D152A97-38EC-4FF0-BA7A-0F7D1415F652}
		{FB8F24B7-B334-479E-8374-07950957939C} = {FB8F24B7-B334-479E-8374-07950957939C}
		{E39372C2-5043-44E2-B697-6C49C8D007F0} = {E39372C2-5043-44E2-B697-6C49C8D007F0}
	EndProjectSection
EndProject
Project("{9A19103F-16F7-4668-BE54-9A1E7A4F7556}") = "DotNetCore3_1Utility", "DotNetCore3_1Utility\DotNetCore3_1Utility.csproj", "{FB8F24B7-B334-479E-8374-07950957939C}"
EndProject
Project("{9A19103F-16F7-4668-BE54-9A1E7A4F7556}") = "DotNetCore3_1Interface", "DotNetCore3_1Interface\DotNetCore3_1Interface.csproj", "{E39372C2-5043-44E2-B697-6C49C8D007F0}"
EndProject
Project("{9A19103F-16F7-4668-BE54-9A1E7A4F7556}") = "DotNetCore3_1Service", "DotNetCore3_1Service\DotNetCore3_1Service.csproj", "{8D152A97-38EC-4FF0-BA7A-0F7D1415F652}"
	ProjectSection(ProjectDependencies) = postProject
		{FB8F24B7-B334-479E-8374-07950957939C} = {FB8F24B7-B334-479E-8374-07950957939C}
		{E39372C2-5043-44E2-B697-6C49C8D007F0} = {E39372C2-5043-44E2-B697-6C49C8D007F0}
	EndProjectSection
EndProject
Project("{FAE04EC0-301F-11D3-BF4B-00C04F79EFBC}") = "DotNetCore3_1ApiDemo", "DotNetCore3_1ApiDemo\DotNetCore3_1ApiDemo.csproj", "{3FF70913-6523-45F7-B84C-8A1F341BE1E5}"
EndProject
Global
	GlobalSection(SolutionConfigurationPlatforms) = preSolution
		Debug|Any CPU = Debug|Any CPU
		Release|Any CPU = Release|Any CPU
	EndGlobalSection
	GlobalSection(ProjectConfigurationPlatforms) = postSolution
		{D37979DF-078B-414B-A7E8-DD9E89538554}.Debug|Any CPU.ActiveCfg = Debug|Any CPU
		{D37979DF-078B-414B-A7E8-DD9E89538554}.Debug|Any CPU.Build.0 = Debug|Any CPU
		{D37979DF-078B-414B-A7E8-DD9E89538554}.Release|Any CPU.ActiveCfg = Release|Any CPU
		{D37979DF-078B-414B-A7E8-DD9E89538554}.Release|Any CPU.Build.0 = Release|Any CPU
		{FB8F24B7-B334-479E-8374-07950957939C}.Debug|Any CPU.ActiveCfg = Debug|Any CPU
		{FB8F24B7-B334-479E-8374-07950957939C}.Debug|Any CPU.Build.0 = Debug|Any CPU
		{FB8F24B7-B334-479E-8374-07950957939C}.Release|Any CPU.ActiveCfg = Release|Any CPU
		{FB8F24B7-B334-479E-8374-07950957939C}.Release|Any CPU.Build.0 = Release|Any CPU
		{E39372C2-5043-44E2-B697-6C49C8D007F0}.Debug|Any CPU.ActiveCfg = Debug|Any CPU
		{E39372C2-5043-44E2-B697-6C49C8D007F0}.Debug|Any CPU.Build.0 = Debug|Any CPU
		{E39372C2-5043-44E2-B697-6C49C8D007F0}.Release|Any CPU.ActiveCfg = Release|Any CPU
		{E39372C2-5043-44E2-B697-6C49C8D007F0}.Release|Any CPU.Build.0 = Release|Any CPU
		{8D152A97-38EC-4FF0-BA7A-0F7D1415F652}.Debug|Any CPU.ActiveCfg = Debug|Any CPU
		{8D152A97-38EC-4FF0-BA7A-0F7D1415F652}.Debug|Any CPU.Build.0 = Debug|Any CPU
		{8D152A97-38EC-4FF0-BA7A-0F7D1415F652}.Release|Any CPU.ActiveCfg = Release|Any CPU
		{8D152A97-38EC-4FF0-BA7A-0F7D1415F652}.Release|Any CPU.Build.0 = Release|Any CPU
		{3FF70913-6523-45F7-B84C-8A1F341BE1E5}.Debug|Any CPU.ActiveCfg = Debug|Any CPU
		{3FF70913-6523-45F7-B84C-8A1F341BE1E5}.Debug|Any CPU.Build.0 = Debug|Any CPU
		{3FF70913-6523-45F7-B84C-8A1F341BE1E5}.Release|Any CPU.ActiveCfg = Release|Any CPU
		{3FF70913-6523-45F7-B84C-8A1F341BE1E5}.Release|Any CPU.Build.0 = Release|Any CPU
	EndGlobalSection
	GlobalSection(SolutionProperties) = preSolution
		HideSolutionNode = FALSE
	EndGlobalSection
	GlobalSection(ExtensibilityGlobals) = postSolution
		SolutionGuid = {0BC43BAB-128E-4DFF-B235-BFEAE0B22952}
	EndGlobalSection
EndGlobal
